
Microsoft Visual Studio Solution File, Format Version 12.00
# Visual Studio Version 16
VisualStudioVersion = 16.0.30320.27
MinimumVisualStudioVersion = 10.0.40219.1
Project("{FAE04EC0-301F-11D3-BF4B-00C04F79EFBC}") = "MknSummit.Web", "web\MknSummit.Web.csproj", "{AFD843BD-D4FE-4AEC-A0F4-E4B77C478CF0}"
EndProject
Global
	GlobalSection(SolutionConfigurationPlatforms) = preSolution
		Debug|Any CPU = Debug|Any CPU
		Release|Any CPU = Release|Any CPU
	EndGlobalSection
	GlobalSection(ProjectConfigurationPlatforms) = postSolution
		{AFD843BD-D4FE-4AEC-A0F4-E4B77C478CF0}.Debug|Any CPU.ActiveCfg = Debug|Any CPU
		{AFD843BD-D4FE-4AEC-A0F4-E4B77C478CF0}.Debug|Any CPU.Build.0 = Debug|Any CPU
		{AFD843BD-D4FE-4AEC-A0F4-E4B77C478CF0}.Release|Any CPU.ActiveCfg = Release|Any CPU
		{AFD843BD-D4FE-4AEC-A0F4-E4B77C478CF0}.Release|Any CPU.Build.0 = Release|Any CPU
	EndGlobalSection
	GlobalSection(SolutionProperties) = preSolution
		HideSolutionNode = FALSE
	EndGlobalSection
	GlobalSection(ExtensibilityGlobals) = postSolution
		SolutionGuid = {E4A0443F-EFBD-47E6-861E-8EE189FDAA8C}
	EndGlobalSection
EndGlobal
